{
    "name": "stripe-app-example-wordperss-oauth",
    "lockfileVersion": 2,
    "requires": true,
    "packages": {
        "": {
            "name": "stripe-app-example-wordperss-oauth",
            "license": "Unlicense",
            "workspaces": [
                "stripe-app",
                "wordpress"
            ]
        },
        "node_modules/stripe-app": {
            "resolved": "stripe-app",
            "link": true
        },
        "node_modules/wordpress": {
            "resolved": "wordpress",
            "link": true
        },
        "stripe-app": {
            "version": "1.0.0",
            "license": "ISC"
        },
        "wordpress": {
            "version": "1.0.0",
            "license": "ISC",
            "devDependencies": {}
        }
    },
    "dependencies": {
        "stripe-app": {
            "version": "file:stripe-app"
        },
        "wordpress": {
            "version": "file:wordpress"
        }
    }
}
